// !$*UTF8*$!
{
	archiveVersion = 1;
	classes = {
	};
	objectVersion = 46;
	objects = {

/* Begin PBXBuildFile section */
		16055A651F285264000F3AF7 /* AppDelegate.swift in Sources */ = {isa = PBXBuildFile; fileRef = 16055A641F285264000F3AF7 /* AppDelegate.swift */; };
		16055A691F285264000F3AF7 /* Assets.xcassets in Resources */ = {isa = PBXBuildFile; fileRef = 16055A681F285264000F3AF7 /* Assets.xcassets */; };
		DCE10F721FA725EC00DF6AAC /* biliModel.swift in Sources */ = {isa = PBXBuildFile; fileRef = DCE10F711FA725EC00DF6AAC /* biliModel.swift */; };
/* End PBXBuildFile section */

/* Begin PBXFileReference section */
		16055A611F285264000F3AF7 /* biliATV.app */ = {isa = PBXFileReference; explicitFileType = wrapper.application; includeInIndex = 0; path = biliATV.app; sourceTree = BUILT_PRODUCTS_DIR; };
		16055A641F285264000F3AF7 /* AppDelegate.swift */ = {isa = PBXFileReference; lastKnownFileType = sourcecode.swift; path = AppDelegate.swift; sourceTree = "<group>"; };
		16055A681F285264000F3AF7 /* Assets.xcassets */ = {isa = PBXFileReference; lastKnownFileType = folder.assetcatalog; path = Assets.xcassets; sourceTree = "<group>"; };
		16055A6A1F285264000F3AF7 /* Info.plist */ = {isa = PBXFileReference; lastKnownFileType = text.plist.xml; path = Info.plist; sourceTree = "<group>"; };
		DCE10F711FA725EC00DF6AAC /* biliModel.swift */ = {isa = PBXFileReference; lastKnownFileType = sourcecode.swift; path = biliModel.swift; sourceTree = "<group>"; };
/* End PBXFileReference section */

/* Begin PBXFrameworksBuildPhase section */
		16055A5E1F285264000F3AF7 /* Frameworks */ = {
			isa = PBXFrameworksBuildPhase;
			buildActionMask = 2147483647;
			files = (
			);
			runOnlyForDeploymentPostprocessing = 0;
		};
/* End PBXFrameworksBuildPhase section */

/* Begin PBXGroup section */
		16055A581F285264000F3AF7 = {
			isa = PBXGroup;
			children = (
				16055A631F285264000F3AF7 /* biliATV */,
				16055A621F285264000F3AF7 /* Products */,
			);
			sourceTree = "<group>";
		};
		16055A621F285264000F3AF7 /* Products */ = {
			isa = PBXGroup;
			children = (
				16055A611F285264000F3AF7 /* biliATV.app */,
			);
			name = Products;
			sourceTree = "<group>";
		};
		16055A631F285264000F3AF7 /* biliATV */ = {
			isa = PBXGroup;
			children = (
				16055A641F285264000F3AF7 /* AppDelegate.swift */,
				DCE10F711FA725EC00DF6AAC /* biliModel.swift */,
				16055A681F285264000F3AF7 /* Assets.xcassets */,
				16055A6A1F285264000F3AF7 /* Info.plist */,
				16055A661F285264000F3AF7 /* Supporting Files */,
			);
			path = biliATV;
			sourceTree = SOURCE_ROOT;
		};
		16055A661F285264000F3AF7 /* Supporting Files */ = {
			isa = PBXGroup;
			children = (
			);
			name = "Supporting Files";
			sourceTree = "<group>";
		};
/* End PBXGroup section */

/* Begin PBXNativeTarget section */
		16055A601F285264000F3AF7 /* biliATV */ = {
			isa = PBXNativeTarget;
			buildConfigurationList = 16055A6D1F285264000F3AF7 /* Build configuration list for PBXNativeTarget "biliATV" */;
			buildPhases = (
				16055A5D1F285264000F3AF7 /* Sources */,
				16055A5E1F285264000F3AF7 /* Frameworks */,
				16055A5F1F285264000F3AF7 /* Resources */,
			);
			buildRules = (
			);
			dependencies = (
			);
			name = biliATV;
			productName = BiliBite;
			productReference = 16055A611F285264000F3AF7 /* biliATV.app */;
			productType = "com.apple.product-type.application";
		};
/* End PBXNativeTarget section */

/* Begin PBXProject section */
		16055A591F285264000F3AF7 /* Project object */ = {
			isa = PBXProject;
			attributes = {
				LastSwiftUpdateCheck = 0830;
				LastUpgradeCheck = 0830;
				ORGANIZATIONNAME = "Xia Zhongyang";
				TargetAttributes = {
					16055A601F285264000F3AF7 = {
						CreatedOnToolsVersion = 8.3.3;
						DevelopmentTeam = J8HDJ8AK6D;
						LastSwiftMigration = 0910;
						ProvisioningStyle = Automatic;
					};
				};
			};
			buildConfigurationList = 16055A5C1F285264000F3AF7 /* Build configuration list for PBXProject "biliATV" */;
			compatibilityVersion = "Xcode 3.2";
			developmentRegion = English;
			hasScannedForEncodings = 0;
			knownRegions = (
				en,
			);
			mainGroup = 16055A581F285264000F3AF7;
			productRefGroup = 16055A621F285264000F3AF7 /* Products */;
			projectDirPath = "";
			projectRoot = "";
			targets = (
				16055A601F285264000F3AF7 /* biliATV */,
			);
		};
/* End PBXProject section */

/* Begin PBXResourcesBuildPhase section */
		16055A5F1F285264000F3AF7 /* Resources */ = {
			isa = PBXResourcesBuildPhase;
			buildActionMask = 2147483647;
			files = (
				16055A691F285264000F3AF7 /* Assets.xcassets in Resources */,
			);
			runOnlyForDeploymentPostprocessing = 0;
		};
/* End PBXResourcesBuildPhase section */

/* Begin PBXSourcesBuildPhase section */
		16055A5D1F285264000F3AF7 /* Sources */ = {
			isa = PBXSourcesBuildPhase;
			buildActionMask = 2147483647;
			files = (
				16055A651F285264000F3AF7 /* AppDelegate.swift in Sources */,
				DCE10F721FA725EC00DF6AAC /* biliModel.swift in Sources */,
			);
			runOnlyForDeploymentPostprocessing = 0;
		};
/* End PBXSourcesBuildPhase section */

/* Begin XCBuildConfiguration section */
		16055A6B1F285264000F3AF7 /* Debug */ = {
			isa = XCBuildConfiguration;
			buildSettings = {
				ALWAYS_SEARCH_USER_PATHS = NO;
				CLANG_ANALYZER_NONNULL = YES;
				CLANG_ANALYZER_NUMBER_OBJECT_CONVERSION = YES_AGGRESSIVE;
				CLANG_CXX_LANGUAGE_STANDARD = "gnu++0x";
				CLANG_CXX_LIBRARY = "libc++";
				CLANG_ENABLE_MODULES = YES;
				CLANG_ENABLE_OBJC_ARC = YES;
				CLANG_WARN_BOOL_CONVERSION = YES;
				CLANG_WARN_CONSTANT_CONVERSION = YES;
				CLANG_WARN_DIRECT_OBJC_ISA_USAGE = YES_ERROR;
				CLANG_WARN_DOCUMENTATION_COMMENTS = YES;
				CLANG_WARN_EMPTY_BODY = YES;
				CLANG_WARN_ENUM_CONVERSION = YES;
				CLANG_WARN_INFINITE_RECURSION = YES;
				CLANG_WARN_INT_CONVERSION = YES;
				CLANG_WARN_OBJC_ROOT_CLASS = YES_ERROR;
				CLANG_WARN_SUSPICIOUS_MOVE = YES;
				CLANG_WARN_UNREACHABLE_CODE = YES;
				CLANG_WARN__DUPLICATE_METHOD_MATCH = YES;
				COPY_PHASE_STRIP = NO;
				DEBUG_INFORMATION_FORMAT = dwarf;
				ENABLE_STRICT_OBJC_MSGSEND = YES;
				ENABLE_TESTABILITY = YES;
				GCC_C_LANGUAGE_STANDARD = gnu99;
				GCC_DYNAMIC_NO_PIC = NO;
				GCC_NO_COMMON_BLOCKS = YES;
				GCC_OPTIMIZATION_LEVEL = 0;
				GCC_PREPROCESSOR_DEFINITIONS = (
					"DEBUG=1",
					"$(inherited)",
				);
				GCC_WARN_64_TO_32_BIT_CONVERSION = YES;
				GCC_WARN_ABOUT_RETURN_TYPE = YES_ERROR;
				GCC_WARN_UNDECLARED_SELECTOR = YES;
				GCC_WARN_UNINITIALIZED_AUTOS = YES_AGGRESSIVE;
				GCC_WARN_UNUSED_FUNCTION = YES;
				GCC_WARN_UNUSED_VARIABLE = YES;
				MTL_ENABLE_DEBUG_INFO = YES;
				ONLY_ACTIVE_ARCH = YES;
				SDKROOT = appletvos;
				SWIFT_ACTIVE_COMPILATION_CONDITIONS = DEBUG;
				SWIFT_OPTIMIZATION_LEVEL = "-Onone";
				TARGETED_DEVICE_FAMILY = 3;
				TVOS_DEPLOYMENT_TARGET = 10.2;
			};
			name = Debug;
		};
		16055A6C1F285264000F3AF7 /* Release */ = {
			isa = XCBuildConfiguration;
			buildSettings = {
				ALWAYS_SEARCH_USER_PATHS = NO;
				CLANG_ANALYZER_NONNULL = YES;
				CLANG_ANALYZER_NUMBER_OBJECT_CONVERSION = YES_AGGRESSIVE;
				CLANG_CXX_LANGUAGE_STANDARD = "gnu++0x";
				CLANG_CXX_LIBRARY = "libc++";
				CLANG_ENABLE_MODULES = YES;
				CLANG_ENABLE_OBJC_ARC = YES;
				CLANG_WARN_BOOL_CONVERSION = YES;
				CLANG_WARN_CONSTANT_CONVERSION = YES;
				CLANG_WARN_DIRECT_OBJC_ISA_USAGE = YES_ERROR;
				CLANG_WARN_DOCUMENTATION_COMMENTS = YES;
				CLANG_WARN_EMPTY_BODY = YES;
				CLANG_WARN_ENUM_CONVERSION = YES;
				CLANG_WARN_INFINITE_RECURSION = YES;
				CLANG_WARN_INT_CONVERSION = YES;
				CLANG_WARN_OBJC_ROOT_CLASS = YES_ERROR;
				CLANG_WARN_SUSPICIOUS_MOVE = YES;
				CLANG_WARN_UNREACHABLE_CODE = YES;
				CLANG_WARN__DUPLICATE_METHOD_MATCH = YES;
				COPY_PHASE_STRIP = NO;
				DEBUG_INFORMATION_FORMAT = "dwarf-with-dsym";
				ENABLE_NS_ASSERTIONS = NO;
				ENABLE_STRICT_OBJC_MSGSEND = YES;
				GCC_C_LANGUAGE_STANDARD = gnu99;
				GCC_NO_COMMON_BLOCKS = YES;
				GCC_WARN_64_TO_32_BIT_CONVERSION = YES;
				GCC_WARN_ABOUT_RETURN_TYPE = YES_ERROR;
				GCC_WARN_UNDECLARED_SELECTOR = YES;
				GCC_WARN_UNINITIALIZED_AUTOS = YES_AGGRESSIVE;
				GCC_WARN_UNUSED_FUNCTION = YES;
				GCC_WARN_UNUSED_VARIABLE = YES;
				MTL_ENABLE_DEBUG_INFO = NO;
				SDKROOT = appletvos;
				SWIFT_OPTIMIZATION_LEVEL = "-Owholemodule";
				TARGETED_DEVICE_FAMILY = 3;
				TVOS_DEPLOYMENT_TARGET = 10.2;
				VALIDATE_PRODUCT = YES;
			};
			name = Release;
		};
		16055A6E1F285264000F3AF7 /* Debug */ = {
			isa = XCBuildConfiguration;
			buildSettings = {
				ASSETCATALOG_COMPILER_APPICON_NAME = "App Icon & Top Shelf Image";
				ASSETCATALOG_COMPILER_LAUNCHIMAGE_NAME = LaunchImage;
				CLANG_ENABLE_MODULES = YES;
				DEVELOPMENT_TEAM = J8HDJ8AK6D;
				INFOPLIST_FILE = "$(SRCROOT)/biliATV/Info.plist";
				LD_RUNPATH_SEARCH_PATHS = "$(inherited) @executable_path/Frameworks";
				PRODUCT_BUNDLE_IDENTIFIER = com.SuiBianGaiGai.biliATV;
				PRODUCT_NAME = "$(TARGET_NAME)";
				SWIFT_OBJC_BRIDGING_HEADER = "";
				SWIFT_OPTIMIZATION_LEVEL = "-Onone";
				SWIFT_VERSION = 3.0;
			};
			name = Debug;
		};
		16055A6F1F285264000F3AF7 /* Release */ = {
			isa = XCBuildConfiguration;
			buildSettings = {
				ASSETCATALOG_COMPILER_APPICON_NAME = "App Icon & Top Shelf Image";
				ASSETCATALOG_COMPILER_LAUNCHIMAGE_NAME = LaunchImage;
				CLANG_ENABLE_MODULES = YES;
				DEVELOPMENT_TEAM = J8HDJ8AK6D;
				INFOPLIST_FILE = "$(SRCROOT)/biliATV/Info.plist";
				LD_RUNPATH_SEARCH_PATHS = "$(inherited) @executable_path/Frameworks";
				PRODUCT_BUNDLE_IDENTIFIER = com.SuiBianGaiGai.biliATV;
				PRODUCT_NAME = "$(TARGET_NAME)";
				SWIFT_OBJC_BRIDGING_HEADER = "";
				SWIFT_VERSION = 3.0;
			};
			name = Release;
		};
/* End XCBuildConfiguration section */

/* Begin XCConfigurationList section */
		16055A5C1F285264000F3AF7 /* Build configuration list for PBXProject "biliATV" */ = {
			isa = XCConfigurationList;
			buildConfigurations = (
				16055A6B1F285264000F3AF7 /* Debug */,
				16055A6C1F285264000F3AF7 /* Release */,
			);
			defaultConfigurationIsVisible = 0;
			defaultConfigurationName = Release;
		};
		16055A6D1F285264000F3AF7 /* Build configuration list for PBXNativeTarget "biliATV" */ = {
			isa = XCConfigurationList;
			buildConfigurations = (
				16055A6E1F285264000F3AF7 /* Debug */,
				16055A6F1F285264000F3AF7 /* Release */,
			);
			defaultConfigurationIsVisible = 0;
			defaultConfigurationName = Release;
		};
/* End XCConfigurationList section */
	};
	rootObject = 16055A591F285264000F3AF7 /* Project object */;
}
